// !$*UTF8*$!
{
	archiveVersion = 1;
	classes = {
	};
	objectVersion = 46;
	objects = {

/* Begin PBXBuildFile section */
		150B35C41A8828A800E3A34D /* main.c in Sources */ = {isa = PBXBuildFile; fileRef = 150B35C31A8828A800E3A34D /* main.c */; };
/* End PBXBuildFile section */

/* Begin PBXCopyFilesBuildPhase section */
		150B35BE1A8828A800E3A34D /* CopyFiles */ = {
			isa = PBXCopyFilesBuildPhase;
			buildActionMask = 2147483647;
			dstPath = /usr/share/man/man1/;
			dstSubfolderSpec = 0;
			files = (
			);
			runOnlyForDeploymentPostprocessing = 1;
		};
/* End PBXCopyFilesBuildPhase section */

/* Begin PBXFileReference section */
		150B35C01A8828A800E3A34D /* Loopon-Factorial-Challenge */ = {isa = PBXFileReference; explicitFileType = "compiled.mach-o.executable"; includeInIndex = 0; path = "Loopon-Factorial-Challenge"; sourceTree = BUILT_PRODUCTS_DIR; };
		150B35C31A8828A800E3A34D /* main.c */ = {isa = PBXFileReference; lastKnownFileType = sourcecode.c.c; path = main.c; sourceTree = "<group>"; };
/* End PBXFileReference section */

/* Begin PBXFrameworksBuildPhase section */
		150B35BD1A8828A800E3A34D /* Frameworks */ = {
			isa = PBXFrameworksBuildPhase;
			buildActionMask = 2147483647;
			files = (
			);
			runOnlyForDeploymentPostprocessing = 0;
		};
/* End PBXFrameworksBuildPhase section */

/* Begin PBXGroup section */
		150B35B71A8828A800E3A34D = {
			isa = PBXGroup;
			children = (
				150B35C21A8828A800E3A34D /* Loopon-Factorial-Challenge */,
				150B35C11A8828A800E3A34D /* Products */,
			);
			sourceTree = "<group>";
		};
		150B35C11A8828A800E3A34D /* Products */ = {
			isa = PBXGroup;
			children = (
				150B35C01A8828A800E3A34D /* Loopon-Factorial-Challenge */,
			);
			name = Products;
			sourceTree = "<group>";
		};
		150B35C21A8828A800E3A34D /* Loopon-Factorial-Challenge */ = {
			isa = PBXGroup;
			children = (
				150B35C31A8828A800E3A34D /* main.c */,
			);
			path = Loopon-Factorial-Challenge;
			sourceTree = "<group>";
		};
/* End PBXGroup section */

/* Begin PBXNativeTarget section */
		150B35BF1A8828A800E3A34D /* Loopon-Factorial-Challenge */ = {
			isa = PBXNativeTarget;
			buildConfigurationList = 150B35C71A8828A800E3A34D /* Build configuration list for PBXNativeTarget "Loopon-Factorial-Challenge" */;
			buildPhases = (
				150B35BC1A8828A800E3A34D /* Sources */,
				150B35BD1A8828A800E3A34D /* Frameworks */,
				150B35BE1A8828A800E3A34D /* CopyFiles */,
			);
			buildRules = (
			);
			dependencies = (
			);
			name = "Loopon-Factorial-Challenge";
			productName = Loopon-Factorial-Challenge;
			productReference = 150B35C01A8828A800E3A34D /* Loopon-Factorial-Challenge */;
			productType = "com.apple.product-type.tool";
		};
/* End PBXNativeTarget section */

/* Begin PBXProject section */
		150B35B81A8828A800E3A34D /* Project object */ = {
			isa = PBXProject;
			attributes = {
				LastUpgradeCheck = 0610;
				ORGANIZATIONNAME = "Bruno Philipe";
				TargetAttributes = {
					150B35BF1A8828A800E3A34D = {
						CreatedOnToolsVersion = 6.1.1;
					};
				};
			};
			buildConfigurationList = 150B35BB1A8828A800E3A34D /* Build configuration list for PBXProject "Loopon-Factorial-Challenge" */;
			compatibilityVersion = "Xcode 3.2";
			developmentRegion = English;
			hasScannedForEncodings = 0;
			knownRegions = (
				en,
			);
			mainGroup = 150B35B71A8828A800E3A34D;
			productRefGroup = 150B35C11A8828A800E3A34D /* Products */;
			projectDirPath = "";
			projectRoot = "";
			targets = (
				150B35BF1A8828A800E3A34D /* Loopon-Factorial-Challenge */,
			);
		};
/* End PBXProject section */

/* Begin PBXSourcesBuildPhase section */
		150B35BC1A8828A800E3A34D /* Sources */ = {
			isa = PBXSourcesBuildPhase;
			buildActionMask = 2147483647;
			files = (
				150B35C41A8828A800E3A34D /* main.c in Sources */,
			);
			runOnlyForDeploymentPostprocessing = 0;
		};
/* End PBXSourcesBuildPhase section */

/* Begin XCBuildConfiguration section */
		150B35C51A8828A800E3A34D /* Debug */ = {
			isa = XCBuildConfiguration;
			buildSettings = {
				ALWAYS_SEARCH_USER_PATHS = NO;
				CLANG_CXX_LANGUAGE_STANDARD = "gnu++0x";
				CLANG_CXX_LIBRARY = "libc++";
				CLANG_ENABLE_MODULES = YES;
				CLANG_ENABLE_OBJC_ARC = YES;
				CLANG_WARN_BOOL_CONVERSION = YES;
				CLANG_WARN_CONSTANT_CONVERSION = YES;
				CLANG_WARN_DIRECT_OBJC_ISA_USAGE = YES_ERROR;
				CLANG_WARN_EMPTY_BODY = YES;
				CLANG_WARN_ENUM_CONVERSION = YES;
				CLANG_WARN_INT_CONVERSION = YES;
				CLANG_WARN_OBJC_ROOT_CLASS = YES_ERROR;
				CLANG_WARN_UNREACHABLE_CODE = YES;
				CLANG_WARN__DUPLICATE_METHOD_MATCH = YES;
				COPY_PHASE_STRIP = NO;
				ENABLE_STRICT_OBJC_MSGSEND = YES;
				GCC_C_LANGUAGE_STANDARD = gnu99;
				GCC_DYNAMIC_NO_PIC = NO;
				GCC_OPTIMIZATION_LEVEL = 0;
				GCC_PREPROCESSOR_DEFINITIONS = (
					"DEBUG=1",
					"$(inherited)",
				);
				GCC_SYMBOLS_PRIVATE_EXTERN = NO;
				GCC_WARN_64_TO_32_BIT_CONVERSION = YES;
				GCC_WARN_ABOUT_RETURN_TYPE = YES_ERROR;
				GCC_WARN_UNDECLARED_SELECTOR = YES;
				GCC_WARN_UNINITIALIZED_AUTOS = YES_AGGRESSIVE;
				GCC_WARN_UNUSED_FUNCTION = YES;
				GCC_WARN_UNUSED_VARIABLE = YES;
				MACOSX_DEPLOYMENT_TARGET = 10.10;
				MTL_ENABLE_DEBUG_INFO = YES;
				ONLY_ACTIVE_ARCH = YES;
				SDKROOT = macosx;
			};
			name = Debug;
		};
		150B35C61A8828A800E3A34D /* Release */ = {
			isa = XCBuildConfiguration;
			buildSettings = {
				ALWAYS_SEARCH_USER_PATHS = NO;
				CLANG_CXX_LANGUAGE_STANDARD = "gnu++0x";
				CLANG_CXX_LIBRARY = "libc++";
				CLANG_ENABLE_MODULES = YES;
				CLANG_ENABLE_OBJC_ARC = YES;
				CLANG_WARN_BOOL_CONVERSION = YES;
				CLANG_WARN_CONSTANT_CONVERSION = YES;
				CLANG_WARN_DIRECT_OBJC_ISA_USAGE = YES_ERROR;
				CLANG_WARN_EMPTY_BODY = YES;
				CLANG_WARN_ENUM_CONVERSION = YES;
				CLANG_WARN_INT_CONVERSION = YES;
				CLANG_WARN_OBJC_ROOT_CLASS = YES_ERROR;
				CLANG_WARN_UNREACHABLE_CODE = YES;
				CLANG_WARN__DUPLICATE_METHOD_MATCH = YES;
				COPY_PHASE_STRIP = YES;
				DEBUG_INFORMATION_FORMAT = "dwarf-with-dsym";
				ENABLE_NS_ASSERTIONS = NO;
				ENABLE_STRICT_OBJC_MSGSEND = YES;
				GCC_C_LANGUAGE_STANDARD = gnu99;
				GCC_WARN_64_TO_32_BIT_CONVERSION = YES;
				GCC_WARN_ABOUT_RETURN_TYPE = YES_ERROR;
				GCC_WARN_UNDECLARED_SELECTOR = YES;
				GCC_WARN_UNINITIALIZED_AUTOS = YES_AGGRESSIVE;
				GCC_WARN_UNUSED_FUNCTION = YES;
				GCC_WARN_UNUSED_VARIABLE = YES;
				MACOSX_DEPLOYMENT_TARGET = 10.10;
				MTL_ENABLE_DEBUG_INFO = NO;
				SDKROOT = macosx;
			};
			name = Release;
		};
		150B35C81A8828A800E3A34D /* Debug */ = {
			isa = XCBuildConfiguration;
			buildSettings = {
				PRODUCT_NAME = "Loopon-Factorial-Challenge";
			};
			name = Debug;
		};
		150B35C91A8828A800E3A34D /* Release */ = {
			isa = XCBuildConfiguration;
			buildSettings = {
				PRODUCT_NAME = "Loopon-Factorial-Challenge";
			};
			name = Release;
		};
/* End XCBuildConfiguration section */

/* Begin XCConfigurationList section */
		150B35BB1A8828A800E3A34D /* Build configuration list for PBXProject "Loopon-Factorial-Challenge" */ = {
			isa = XCConfigurationList;
			buildConfigurations = (
				150B35C51A8828A800E3A34D /* Debug */,
				150B35C61A8828A800E3A34D /* Release */,
			);
			defaultConfigurationIsVisible = 0;
			defaultConfigurationName = Release;
		};
		150B35C71A8828A800E3A34D /* Build configuration list for PBXNativeTarget "Loopon-Factorial-Challenge" */ = {
			isa = XCConfigurationList;
			buildConfigurations = (
				150B35C81A8828A800E3A34D /* Debug */,
				150B35C91A8828A800E3A34D /* Release */,
			);
			defaultConfigurationIsVisible = 0;
			defaultConfigurationName = Release;
		};
/* End XCConfigurationList section */
	};
	rootObject = 150B35B81A8828A800E3A34D /* Project object */;
}
